// !$*UTF8*$!
{
	archiveVersion = 1;
	classes = {
	};
	objectVersion = 77;
	objects = {

/* Begin PBXBuildFile section */
		FAEB8325303612C600AB631A /* AppDelegate.swift in Sources */ = {isa = PBXBuildFile; fileRef = FAEB8324303612C600AB631A /* AppDelegate.swift */; };
		FAEB8327303612C600AB631A /* SceneDelegate.swift in Sources */ = {isa = PBXBuildFile; fileRef = FAEB8326303612C600AB631A /* SceneDelegate.swift */; };
		FAEB832A303612C600AB631A /* LaunchScreen.storyboard in Resources */ = {isa = PBXBuildFile; fileRef = FAEB8328303612C600AB631A /* LaunchScreen.storyboard */; };
		FAEB832D303612C600AB631A /* Main.storyboard in Resources */ = {isa = PBXBuildFile; fileRef = FAEB832B303612C600AB631A /* Main.storyboard */; };
		FAEB8336303612C600AB631A /* AppDelegate.swift in Sources */ = {isa = PBXBuildFile; fileRef = FAEB8335303612C600AB631A /* AppDelegate.swift */; };
		FAEB8339303612C600AB631A /* Main.storyboard in Resources */ = {isa = PBXBuildFile; fileRef = FAEB8337303612C600AB631A /* Main.storyboard */; };
		FAEB8340303612C600AB631A /* Incognito Vault Extension.appex in Embed Foundation Extensions */ = {isa = PBXBuildFile; fileRef = FAEB833F303612C600AB631A /* Incognito Vault Extension.appex */; settings = {ATTRIBUTES = (RemoveHeadersOnCopy, ); }; };
		FAEB834A303612C600AB631A /* Incognito Vault Extension.appex in Embed Foundation Extensions */ = {isa = PBXBuildFile; fileRef = FAEB8349303612C600AB631A /* Incognito Vault Extension.appex */; settings = {ATTRIBUTES = (RemoveHeadersOnCopy, ); }; };
		FAEB834F303612C600AB631A /* Main.html in Resources */ = {isa = PBXBuildFile; fileRef = FAEB8314303612C500AB631A /* Main.html */; };
		FAEB8350303612C600AB631A /* Main.html in Resources */ = {isa = PBXBuildFile; fileRef = FAEB8314303612C500AB631A /* Main.html */; };
		FAEB8351303612C600AB631A /* Icon.png in Resources */ = {isa = PBXBuildFile; fileRef = FAEB8316303612C500AB631A /* Icon.png */; };
		FAEB8352303612C600AB631A /* Icon.png in Resources */ = {isa = PBXBuildFile; fileRef = FAEB8316303612C500AB631A /* Icon.png */; };
		FAEB8353303612C600AB631A /* Style.css in Resources */ = {isa = PBXBuildFile; fileRef = FAEB8317303612C500AB631A /* Style.css */; };
		FAEB8354303612C600AB631A /* Style.css in Resources */ = {isa = PBXBuildFile; fileRef = FAEB8317303612C500AB631A /* Style.css */; };
		FAEB8355303612C600AB631A /* Script.js in Resources */ = {isa = PBXBuildFile; fileRef = FAEB8318303612C500AB631A /* Script.js */; };
		FAEB8356303612C600AB631A /* Script.js in Resources */ = {isa = PBXBuildFile; fileRef = FAEB8318303612C500AB631A /* Script.js */; };
		FAEB8357303612C600AB631A /* ViewController.swift in Sources */ = {isa = PBXBuildFile; fileRef = FAEB8319303612C500AB631A /* ViewController.swift */; };
		FAEB8358303612C600AB631A /* ViewController.swift in Sources */ = {isa = PBXBuildFile; fileRef = FAEB8319303612C500AB631A /* ViewController.swift */; };
		FAEB8359303612C600AB631A /* Assets.xcassets in Resources */ = {isa = PBXBuildFile; fileRef = FAEB831A303612C600AB631A /* Assets.xcassets */; };
		FAEB835A303612C600AB631A /* Assets.xcassets in Resources */ = {isa = PBXBuildFile; fileRef = FAEB831A303612C600AB631A /* Assets.xcassets */; };
		FAEB835B303612C600AB631A /* SafariWebExtensionHandler.swift in Sources */ = {isa = PBXBuildFile; fileRef = FAEB831C303612C600AB631A /* SafariWebExtensionHandler.swift */; };
		FAEB835C303612C600AB631A /* SafariWebExtensionHandler.swift in Sources */ = {isa = PBXBuildFile; fileRef = FAEB831C303612C600AB631A /* SafariWebExtensionHandler.swift */; };
		FAEB8375303612C600AB631A /* background in Resources */ = {isa = PBXBuildFile; fileRef = FAEB836E303612C600AB631A /* background */; };
		FAEB8376303612C600AB631A /* popup in Resources */ = {isa = PBXBuildFile; fileRef = FAEB836F303612C600AB631A /* popup */; };
		FAEB8377303612C600AB631A /* platform in Resources */ = {isa = PBXBuildFile; fileRef = FAEB8370303612C600AB631A /* platform */; };
		FAEB8378303612C600AB631A /* content in Resources */ = {isa = PBXBuildFile; fileRef = FAEB8371303612C600AB631A /* content */; };
		FAEB8379303612C600AB631A /* icons in Resources */ = {isa = PBXBuildFile; fileRef = FAEB8372303612C600AB631A /* icons */; };
		FAEB837A303612C600AB631A /* manifest.json in Resources */ = {isa = PBXBuildFile; fileRef = FAEB8373303612C600AB631A /* manifest.json */; };
		FAEB837B303612C600AB631A /* lib in Resources */ = {isa = PBXBuildFile; fileRef = FAEB8374303612C600AB631A /* lib */; };
		FAEB837C303612C600AB631A /* background in Resources */ = {isa = PBXBuildFile; fileRef = FAEB836E303612C600AB631A /* background */; };
		FAEB837D303612C600AB631A /* popup in Resources */ = {isa = PBXBuildFile; fileRef = FAEB836F303612C600AB631A /* popup */; };
		FAEB837E303612C600AB631A /* platform in Resources */ = {isa = PBXBuildFile; fileRef = FAEB8370303612C600AB631A /* platform */; };
		FAEB837F303612C600AB631A /* content in Resources */ = {isa = PBXBuildFile; fileRef = FAEB8371303612C600AB631A /* content */; };
		FAEB8380303612C600AB631A /* icons in Resources */ = {isa = PBXBuildFile; fileRef = FAEB8372303612C600AB631A /* icons */; };
		FAEB8381303612C600AB631A /* manifest.json in Resources */ = {isa = PBXBuildFile; fileRef = FAEB8373303612C600AB631A /* manifest.json */; };
		FAEB8382303612C600AB631A /* lib in Resources */ = {isa = PBXBuildFile; fileRef = FAEB8374303612C600AB631A /* lib */; };
/* End PBXBuildFile section */

/* Begin PBXContainerItemProxy section */
		FAEB8341303612C600AB631A /* PBXContainerItemProxy */ = {
			isa = PBXContainerItemProxy;
			containerPortal = FAEB830E303612C500AB631A /* Project object */;
			proxyType = 1;
			remoteGlobalIDString = FAEB833E303612C600AB631A;
			remoteInfo = "Incognito Vault Extension (iOS)";
		};
		FAEB834B303612C600AB631A /* PBXContainerItemProxy */ = {
			isa = PBXContainerItemProxy;
			containerPortal = FAEB830E303612C500AB631A /* Project object */;
			proxyType = 1;
			remoteGlobalIDString = FAEB8348303612C600AB631A;
			remoteInfo = "Incognito Vault Extension (macOS)";
		};
/* End PBXContainerItemProxy section */

/* Begin PBXCopyFilesBuildPhase section */
		FAEB8362303612C600AB631A /* Embed Foundation Extensions */ = {
			isa = PBXCopyFilesBuildPhase;
			buildActionMask = 2147483647;
			dstPath = "";
			dstSubfolderSpec = 13;
			files = (
				FAEB8340303612C600AB631A /* Incognito Vault Extension.appex in Embed Foundation Extensions */,
			);
			name = "Embed Foundation Extensions";
			runOnlyForDeploymentPostprocessing = 0;
		};
		FAEB8369303612C600AB631A /* Embed Foundation Extensions */ = {
			isa = PBXCopyFilesBuildPhase;
			buildActionMask = 2147483647;
			dstPath = "";
			dstSubfolderSpec = 13;
			files = (
				FAEB834A303612C600AB631A /* Incognito Vault Extension.appex in Embed Foundation Extensions */,
			);
			name = "Embed Foundation Extensions";
			runOnlyForDeploymentPostprocessing = 0;
		};
/* End PBXCopyFilesBuildPhase section */

/* Begin PBXFileReference section */
		FAEB8315303612C500AB631A /* Base */ = {isa = PBXFileReference; lastKnownFileType = text.html; name = Base; path = Base.lproj/Main.html; sourceTree = "<group>"; };
		FAEB8316303612C500AB631A /* Icon.png */ = {isa = PBXFileReference; lastKnownFileType = image.png; path = Icon.png; sourceTree = "<group>"; };
		FAEB8317303612C500AB631A /* Style.css */ = {isa = PBXFileReference; lastKnownFileType = text.css; path = Style.css; sourceTree = "<group>"; };
		FAEB8318303612C500AB631A /* Script.js */ = {isa = PBXFileReference; lastKnownFileType = sourcecode.javascript; path = Script.js; sourceTree = "<group>"; };
		FAEB8319303612C500AB631A /* ViewController.swift */ = {isa = PBXFileReference; lastKnownFileType = sourcecode.swift; path = ViewController.swift; sourceTree = "<group>"; };
		FAEB831A303612C600AB631A /* Assets.xcassets */ = {isa = PBXFileReference; lastKnownFileType = folder.assetcatalog; path = Assets.xcassets; sourceTree = "<group>"; };
		FAEB831C303612C600AB631A /* SafariWebExtensionHandler.swift */ = {isa = PBXFileReference; lastKnownFileType = sourcecode.swift; path = SafariWebExtensionHandler.swift; sourceTree = "<group>"; };
		FAEB8321303612C600AB631A /* Incognito Vault.app */ = {isa = PBXFileReference; explicitFileType = wrapper.application; includeInIndex = 0; path = "Incognito Vault.app"; sourceTree = BUILT_PRODUCTS_DIR; };
		FAEB8324303612C600AB631A /* AppDelegate.swift */ = {isa = PBXFileReference; lastKnownFileType = sourcecode.swift; path = AppDelegate.swift; sourceTree = "<group>"; };
		FAEB8326303612C600AB631A /* SceneDelegate.swift */ = {isa = PBXFileReference; lastKnownFileType = sourcecode.swift; path = SceneDelegate.swift; sourceTree = "<group>"; };
		FAEB8329303612C600AB631A /* Base */ = {isa = PBXFileReference; lastKnownFileType = file.storyboard; name = Base; path = Base.lproj/LaunchScreen.storyboard; sourceTree = "<group>"; };
		FAEB832C303612C600AB631A /* Base */ = {isa = PBXFileReference; lastKnownFileType = file.storyboard; name = Base; path = Base.lproj/Main.storyboard; sourceTree = "<group>"; };
		FAEB832E303612C600AB631A /* Info.plist */ = {isa = PBXFileReference; lastKnownFileType = text.plist.xml; path = Info.plist; sourceTree = "<group>"; };
		FAEB8333303612C600AB631A /* Incognito Vault.app */ = {isa = PBXFileReference; explicitFileType = wrapper.application; includeInIndex = 0; path = "Incognito Vault.app"; sourceTree = BUILT_PRODUCTS_DIR; };
		FAEB8335303612C600AB631A /* AppDelegate.swift */ = {isa = PBXFileReference; lastKnownFileType = sourcecode.swift; path = AppDelegate.swift; sourceTree = "<group>"; };
		FAEB8338303612C600AB631A /* Base */ = {isa = PBXFileReference; lastKnownFileType = file.storyboard; name = Base; path = Base.lproj/Main.storyboard; sourceTree = "<group>"; };
		FAEB833A303612C600AB631A /* Info.plist */ = {isa = PBXFileReference; lastKnownFileType = text.plist.xml; path = Info.plist; sourceTree = "<group>"; };
		FAEB833F303612C600AB631A /* Incognito Vault Extension.appex */ = {isa = PBXFileReference; explicitFileType = "wrapper.app-extension"; includeInIndex = 0; path = "Incognito Vault Extension.appex"; sourceTree = BUILT_PRODUCTS_DIR; };
		FAEB8344303612C600AB631A /* Info.plist */ = {isa = PBXFileReference; lastKnownFileType = text.plist.xml; path = Info.plist; sourceTree = "<group>"; };
		FAEB8349303612C600AB631A /* Incognito Vault Extension.appex */ = {isa = PBXFileReference; explicitFileType = "wrapper.app-extension"; includeInIndex = 0; path = "Incognito Vault Extension.appex"; sourceTree = BUILT_PRODUCTS_DIR; };
		FAEB834E303612C600AB631A /* Info.plist */ = {isa = PBXFileReference; lastKnownFileType = text.plist.xml; path = Info.plist; sourceTree = "<group>"; };
		FAEB836E303612C600AB631A /* background */ = {isa = PBXFileReference; lastKnownFileType = folder; name = background; path = Resources/background; sourceTree = "<group>"; };
		FAEB836F303612C600AB631A /* popup */ = {isa = PBXFileReference; lastKnownFileType = folder; name = popup; path = Resources/popup; sourceTree = "<group>"; };
		FAEB8370303612C600AB631A /* platform */ = {isa = PBXFileReference; lastKnownFileType = folder; name = platform; path = Resources/platform; sourceTree = "<group>"; };
		FAEB8371303612C600AB631A /* content */ = {isa = PBXFileReference; lastKnownFileType = folder; name = content; path = Resources/content; sourceTree = "<group>"; };
		FAEB8372303612C600AB631A /* icons */ = {isa = PBXFileReference; lastKnownFileType = folder; name = icons; path = Resources/icons; sourceTree = "<group>"; };
		FAEB8373303612C600AB631A /* manifest.json */ = {isa = PBXFileReference; lastKnownFileType = text.json; name = manifest.json; path = Resources/manifest.json; sourceTree = "<group>"; };
		FAEB8374303612C600AB631A /* lib */ = {isa = PBXFileReference; lastKnownFileType = folder; name = lib; path = Resources/lib; sourceTree = "<group>"; };
/* End PBXFileReference section */

/* Begin PBXFrameworksBuildPhase section */
		FAEB831E303612C600AB631A /* Frameworks */ = {
			isa = PBXFrameworksBuildPhase;
			buildActionMask = 2147483647;
			files = (
			);
			runOnlyForDeploymentPostprocessing = 0;
		};
		FAEB8330303612C600AB631A /* Frameworks */ = {
			isa = PBXFrameworksBuildPhase;
			buildActionMask = 2147483647;
			files = (
			);
			runOnlyForDeploymentPostprocessing = 0;
		};
		FAEB833C303612C600AB631A /* Frameworks */ = {
			isa = PBXFrameworksBuildPhase;
			buildActionMask = 2147483647;
			files = (
			);
			runOnlyForDeploymentPostprocessing = 0;
		};
		FAEB8346303612C600AB631A /* Frameworks */ = {
			isa = PBXFrameworksBuildPhase;
			buildActionMask = 2147483647;
			files = (
			);
			runOnlyForDeploymentPostprocessing = 0;
		};
/* End PBXFrameworksBuildPhase section */

/* Begin PBXGroup section */
		FAEB830D303612C500AB631A = {
			isa = PBXGroup;
			children = (
				FAEB8312303612C500AB631A /* Shared (App) */,
				FAEB831B303612C600AB631A /* Shared (Extension) */,
				FAEB8323303612C600AB631A /* iOS (App) */,
				FAEB8334303612C600AB631A /* macOS (App) */,
				FAEB8343303612C600AB631A /* iOS (Extension) */,
				FAEB834D303612C600AB631A /* macOS (Extension) */,
				FAEB8322303612C600AB631A /* Products */,
			);
			sourceTree = "<group>";
		};
		FAEB8312303612C500AB631A /* Shared (App) */ = {
			isa = PBXGroup;
			children = (
				FAEB8319303612C500AB631A /* ViewController.swift */,
				FAEB831A303612C600AB631A /* Assets.xcassets */,
				FAEB8313303612C500AB631A /* Resources */,
			);
			path = "Shared (App)";
			sourceTree = "<group>";
		};
		FAEB8313303612C500AB631A /* Resources */ = {
			isa = PBXGroup;
			children = (
				FAEB8314303612C500AB631A /* Main.html */,
				FAEB8316303612C500AB631A /* Icon.png */,
				FAEB8317303612C500AB631A /* Style.css */,
				FAEB8318303612C500AB631A /* Script.js */,
			);
			path = Resources;
			sourceTree = "<group>";
		};
		FAEB831B303612C600AB631A /* Shared (Extension) */ = {
			isa = PBXGroup;
			children = (
				FAEB836D303612C600AB631A /* Resources */,
				FAEB831C303612C600AB631A /* SafariWebExtensionHandler.swift */,
			);
			path = "Shared (Extension)";
			sourceTree = "<group>";
		};
		FAEB8322303612C600AB631A /* Products */ = {
			isa = PBXGroup;
			children = (
				FAEB8321303612C600AB631A /* Incognito Vault.app */,
				FAEB8333303612C600AB631A /* Incognito Vault.app */,
				FAEB833F303612C600AB631A /* Incognito Vault Extension.appex */,
				FAEB8349303612C600AB631A /* Incognito Vault Extension.appex */,
			);
			name = Products;
			sourceTree = "<group>";
		};
		FAEB8323303612C600AB631A /* iOS (App) */ = {
			isa = PBXGroup;
			children = (
				FAEB8324303612C600AB631A /* AppDelegate.swift */,
				FAEB8326303612C600AB631A /* SceneDelegate.swift */,
				FAEB8328303612C600AB631A /* LaunchScreen.storyboard */,
				FAEB832B303612C600AB631A /* Main.storyboard */,
				FAEB832E303612C600AB631A /* Info.plist */,
			);
			path = "iOS (App)";
			sourceTree = "<group>";
		};
		FAEB8334303612C600AB631A /* macOS (App) */ = {
			isa = PBXGroup;
			children = (
				FAEB8335303612C600AB631A /* AppDelegate.swift */,
				FAEB8337303612C600AB631A /* Main.storyboard */,
				FAEB833A303612C600AB631A /* Info.plist */,
			);
			path = "macOS (App)";
			sourceTree = "<group>";
		};
		FAEB8343303612C600AB631A /* iOS (Extension) */ = {
			isa = PBXGroup;
			children = (
				FAEB8344303612C600AB631A /* Info.plist */,
			);
			path = "iOS (Extension)";
			sourceTree = "<group>";
		};
		FAEB834D303612C600AB631A /* macOS (Extension) */ = {
			isa = PBXGroup;
			children = (
				FAEB834E303612C600AB631A /* Info.plist */,
			);
			path = "macOS (Extension)";
			sourceTree = "<group>";
		};
		FAEB836D303612C600AB631A /* Resources */ = {
			isa = PBXGroup;
			children = (
				FAEB836E303612C600AB631A /* background */,
				FAEB836F303612C600AB631A /* popup */,
				FAEB8370303612C600AB631A /* platform */,
				FAEB8371303612C600AB631A /* content */,
				FAEB8372303612C600AB631A /* icons */,
				FAEB8373303612C600AB631A /* manifest.json */,
				FAEB8374303612C600AB631A /* lib */,
			);
			name = Resources;
			path = "Shared (Extension)";
			sourceTree = SOURCE_ROOT;
		};
/* End PBXGroup section */

/* Begin PBXNativeTarget section */
		FAEB8320303612C600AB631A /* Incognito Vault (iOS) */ = {
			isa = PBXNativeTarget;
			buildConfigurationList = FAEB8363303612C600AB631A /* Build configuration list for PBXNativeTarget "Incognito Vault (iOS)" */;
			buildPhases = (
				FAEB831D303612C600AB631A /* Sources */,
				FAEB831E303612C600AB631A /* Frameworks */,
				FAEB831F303612C600AB631A /* Resources */,
				FAEB8362303612C600AB631A /* Embed Foundation Extensions */,
			);
			buildRules = (
			);
			dependencies = (
				FAEB8342303612C600AB631A /* PBXTargetDependency */,
			);
			name = "Incognito Vault (iOS)";
			packageProductDependencies = (
			);
			productName = "Incognito Vault (iOS)";
			productReference = FAEB8321303612C600AB631A /* Incognito Vault.app */;
			productType = "com.apple.product-type.application";
		};
		FAEB8332303612C600AB631A /* Incognito Vault (macOS) */ = {
			isa = PBXNativeTarget;
			buildConfigurationList = FAEB836A303612C600AB631A /* Build configuration list for PBXNativeTarget "Incognito Vault (macOS)" */;
			buildPhases = (
				FAEB832F303612C600AB631A /* Sources */,
				FAEB8330303612C600AB631A /* Frameworks */,
				FAEB8331303612C600AB631A /* Resources */,
				FAEB8369303612C600AB631A /* Embed Foundation Extensions */,
			);
			buildRules = (
			);
			dependencies = (
				FAEB834C303612C600AB631A /* PBXTargetDependency */,
			);
			name = "Incognito Vault (macOS)";
			packageProductDependencies = (
			);
			productName = "Incognito Vault (macOS)";
			productReference = FAEB8333303612C600AB631A /* Incognito Vault.app */;
			productType = "com.apple.product-type.application";
		};
		FAEB833E303612C600AB631A /* Incognito Vault Extension (iOS) */ = {
			isa = PBXNativeTarget;
			buildConfigurationList = FAEB835F303612C600AB631A /* Build configuration list for PBXNativeTarget "Incognito Vault Extension (iOS)" */;
			buildPhases = (
				FAEB833B303612C600AB631A /* Sources */,
				FAEB833C303612C600AB631A /* Frameworks */,
				FAEB833D303612C600AB631A /* Resources */,
			);
			buildRules = (
			);
			dependencies = (
			);
			name = "Incognito Vault Extension (iOS)";
			packageProductDependencies = (
			);
			productName = "Incognito Vault Extension (iOS)";
			productReference = FAEB833F303612C600AB631A /* Incognito Vault Extension.appex */;
			productType = "com.apple.product-type.app-extension";
		};
		FAEB8348303612C600AB631A /* Incognito Vault Extension (macOS) */ = {
			isa = PBXNativeTarget;
			buildConfigurationList = FAEB8366303612C600AB631A /* Build configuration list for PBXNativeTarget "Incognito Vault Extension (macOS)" */;
			buildPhases = (
				FAEB8345303612C600AB631A /* Sources */,
				FAEB8346303612C600AB631A /* Frameworks */,
				FAEB8347303612C600AB631A /* Resources */,
			);
			buildRules = (
			);
			dependencies = (
			);
			name = "Incognito Vault Extension (macOS)";
			packageProductDependencies = (
			);
			productName = "Incognito Vault Extension (macOS)";
			productReference = FAEB8349303612C600AB631A /* Incognito Vault Extension.appex */;
			productType = "com.apple.product-type.app-extension";
		};
/* End PBXNativeTarget section */

/* Begin PBXProject section */
		FAEB830E303612C500AB631A /* Project object */ = {
			isa = PBXProject;
			attributes = {
				BuildIndependentTargetsInParallel = 1;
				LastSwiftUpdateCheck = 2640;
				LastUpgradeCheck = 2640;
				TargetAttributes = {
					FAEB8320303612C600AB631A = {
						CreatedOnToolsVersion = 26.4;
					};
					FAEB8332303612C600AB631A = {
						CreatedOnToolsVersion = 26.4;
					};
					FAEB833E303612C600AB631A = {
						CreatedOnToolsVersion = 26.4;
					};
					FAEB8348303612C600AB631A = {
						CreatedOnToolsVersion = 26.4;
					};
				};
			};
			buildConfigurationList = FAEB8311303612C500AB631A /* Build configuration list for PBXProject "Incognito Vault" */;
			developmentRegion = en;
			hasScannedForEncodings = 0;
			knownRegions = (
				en,
				Base,
			);
			mainGroup = FAEB830D303612C500AB631A;
			minimizedProjectReferenceProxies = 1;
			preferredProjectObjectVersion = 77;
			productRefGroup = FAEB8322303612C600AB631A /* Products */;
			projectDirPath = "";
			projectRoot = "";
			targets = (
				FAEB8320303612C600AB631A /* Incognito Vault (iOS) */,
				FAEB8332303612C600AB631A /* Incognito Vault (macOS) */,
				FAEB833E303612C600AB631A /* Incognito Vault Extension (iOS) */,
				FAEB8348303612C600AB631A /* Incognito Vault Extension (macOS) */,
			);
		};
/* End PBXProject section */

/* Begin PBXResourcesBuildPhase section */
		FAEB831F303612C600AB631A /* Resources */ = {
			isa = PBXResourcesBuildPhase;
			buildActionMask = 2147483647;
			files = (
				FAEB8351303612C600AB631A /* Icon.png in Resources */,
				FAEB832A303612C600AB631A /* LaunchScreen.storyboard in Resources */,
				FAEB834F303612C600AB631A /* Main.html in Resources */,
				FAEB8355303612C600AB631A /* Script.js in Resources */,
				FAEB8359303612C600AB631A /* Assets.xcassets in Resources */,
				FAEB832D303612C600AB631A /* Main.storyboard in Resources */,
				FAEB8353303612C600AB631A /* Style.css in Resources */,
			);
			runOnlyForDeploymentPostprocessing = 0;
		};
		FAEB8331303612C600AB631A /* Resources */ = {
			isa = PBXResourcesBuildPhase;
			buildActionMask = 2147483647;
			files = (
				FAEB8352303612C600AB631A /* Icon.png in Resources */,
				FAEB8354303612C600AB631A /* Style.css in Resources */,
				FAEB8339303612C600AB631A /* Main.storyboard in Resources */,
				FAEB8356303612C600AB631A /* Script.js in Resources */,
				FAEB835A303612C600AB631A /* Assets.xcassets in Resources */,
				FAEB8350303612C600AB631A /* Main.html in Resources */,
			);
			runOnlyForDeploymentPostprocessing = 0;
		};
		FAEB833D303612C600AB631A /* Resources */ = {
			isa = PBXResourcesBuildPhase;
			buildActionMask = 2147483647;
			files = (
				FAEB837E303612C600AB631A /* platform in Resources */,
				FAEB837C303612C600AB631A /* background in Resources */,
				FAEB837F303612C600AB631A /* content in Resources */,
				FAEB8380303612C600AB631A /* icons in Resources */,
				FAEB8382303612C600AB631A /* lib in Resources */,
				FAEB8381303612C600AB631A /* manifest.json in Resources */,
				FAEB837D303612C600AB631A /* popup in Resources */,
			);
			runOnlyForDeploymentPostprocessing = 0;
		};
		FAEB8347303612C600AB631A /* Resources */ = {
			isa = PBXResourcesBuildPhase;
			buildActionMask = 2147483647;
			files = (
				FAEB8377303612C600AB631A /* platform in Resources */,
				FAEB8375303612C600AB631A /* background in Resources */,
				FAEB8378303612C600AB631A /* content in Resources */,
				FAEB8379303612C600AB631A /* icons in Resources */,
				FAEB837B303612C600AB631A /* lib in Resources */,
				FAEB837A303612C600AB631A /* manifest.json in Resources */,
				FAEB8376303612C600AB631A /* popup in Resources */,
			);
			runOnlyForDeploymentPostprocessing = 0;
		};
/* End PBXResourcesBuildPhase section */

/* Begin PBXSourcesBuildPhase section */
		FAEB831D303612C600AB631A /* Sources */ = {
			isa = PBXSourcesBuildPhase;
			buildActionMask = 2147483647;
			files = (
				FAEB8357303612C600AB631A /* ViewController.swift in Sources */,
				FAEB8325303612C600AB631A /* AppDelegate.swift in Sources */,
				FAEB8327303612C600AB631A /* SceneDelegate.swift in Sources */,
			);
			runOnlyForDeploymentPostprocessing = 0;
		};
		FAEB832F303612C600AB631A /* Sources */ = {
			isa = PBXSourcesBuildPhase;
			buildActionMask = 2147483647;
			files = (
				FAEB8358303612C600AB631A /* ViewController.swift in Sources */,
				FAEB8336303612C600AB631A /* AppDelegate.swift in Sources */,
			);
			runOnlyForDeploymentPostprocessing = 0;
		};
		FAEB833B303612C600AB631A /* Sources */ = {
			isa = PBXSourcesBuildPhase;
			buildActionMask = 2147483647;
			files = (
				FAEB835B303612C600AB631A /* SafariWebExtensionHandler.swift in Sources */,
			);
			runOnlyForDeploymentPostprocessing = 0;
		};
		FAEB8345303612C600AB631A /* Sources */ = {
			isa = PBXSourcesBuildPhase;
			buildActionMask = 2147483647;
			files = (
				FAEB835C303612C600AB631A /* SafariWebExtensionHandler.swift in Sources */,
			);
			runOnlyForDeploymentPostprocessing = 0;
		};
/* End PBXSourcesBuildPhase section */

/* Begin PBXTargetDependency section */
		FAEB8342303612C600AB631A /* PBXTargetDependency */ = {
			isa = PBXTargetDependency;
			target = FAEB833E303612C600AB631A /* Incognito Vault Extension (iOS) */;
			targetProxy = FAEB8341303612C600AB631A /* PBXContainerItemProxy */;
		};
		FAEB834C303612C600AB631A /* PBXTargetDependency */ = {
			isa = PBXTargetDependency;
			target = FAEB8348303612C600AB631A /* Incognito Vault Extension (macOS) */;
			targetProxy = FAEB834B303612C600AB631A /* PBXContainerItemProxy */;
		};
/* End PBXTargetDependency section */

/* Begin PBXVariantGroup section */
		FAEB8314303612C500AB631A /* Main.html */ = {
			isa = PBXVariantGroup;
			children = (
				FAEB8315303612C500AB631A /* Base */,
			);
			name = Main.html;
			sourceTree = "<group>";
		};
		FAEB8328303612C600AB631A /* LaunchScreen.storyboard */ = {
			isa = PBXVariantGroup;
			children = (
				FAEB8329303612C600AB631A /* Base */,
			);
			name = LaunchScreen.storyboard;
			sourceTree = "<group>";
		};
		FAEB832B303612C600AB631A /* Main.storyboard */ = {
			isa = PBXVariantGroup;
			children = (
				FAEB832C303612C600AB631A /* Base */,
			);
			name = Main.storyboard;
			sourceTree = "<group>";
		};
		FAEB8337303612C600AB631A /* Main.storyboard */ = {
			isa = PBXVariantGroup;
			children = (
				FAEB8338303612C600AB631A /* Base */,
			);
			name = Main.storyboard;
			sourceTree = "<group>";
		};
/* End PBXVariantGroup section */

/* Begin XCBuildConfiguration section */
		FAEB835D303612C600AB631A /* Debug */ = {
			isa = XCBuildConfiguration;
			buildSettings = {
				ALWAYS_SEARCH_USER_PATHS = NO;
				ASSETCATALOG_COMPILER_GENERATE_SWIFT_ASSET_SYMBOL_EXTENSIONS = YES;
				CLANG_ANALYZER_NONNULL = YES;
				CLANG_ANALYZER_NUMBER_OBJECT_CONVERSION = YES_AGGRESSIVE;
				CLANG_CXX_LANGUAGE_STANDARD = "gnu++20";
				CLANG_ENABLE_MODULES = YES;
				CLANG_ENABLE_OBJC_ARC = YES;
				CLANG_ENABLE_OBJC_WEAK = YES;
				CLANG_WARN_BLOCK_CAPTURE_AUTORELEASING = YES;
				CLANG_WARN_BOOL_CONVERSION = YES;
				CLANG_WARN_COMMA = YES;
				CLANG_WARN_CONSTANT_CONVERSION = YES;
				CLANG_WARN_DEPRECATED_OBJC_IMPLEMENTATIONS = YES;
				CLANG_WARN_DIRECT_OBJC_ISA_USAGE = YES_ERROR;
				CLANG_WARN_DOCUMENTATION_COMMENTS = YES;
				CLANG_WARN_EMPTY_BODY = YES;
				CLANG_WARN_ENUM_CONVERSION = YES;
				CLANG_WARN_INFINITE_RECURSION = YES;
				CLANG_WARN_INT_CONVERSION = YES;
				CLANG_WARN_NON_LITERAL_NULL_CONVERSION = YES;
				CLANG_WARN_OBJC_IMPLICIT_RETAIN_SELF = YES;
				CLANG_WARN_OBJC_LITERAL_CONVERSION = YES;
				CLANG_WARN_OBJC_ROOT_CLASS = YES_ERROR;
				CLANG_WARN_QUOTED_INCLUDE_IN_FRAMEWORK_HEADER = YES;
				CLANG_WARN_RANGE_LOOP_ANALYSIS = YES;
				CLANG_WARN_STRICT_PROTOTYPES = YES;
				CLANG_WARN_SUSPICIOUS_MOVE = YES;
				CLANG_WARN_UNGUARDED_AVAILABILITY = YES_AGGRESSIVE;
				CLANG_WARN_UNREACHABLE_CODE = YES;
				CLANG_WARN__DUPLICATE_METHOD_MATCH = YES;
				COPY_PHASE_STRIP = NO;
				DEBUG_INFORMATION_FORMAT = dwarf;
				ENABLE_STRICT_OBJC_MSGSEND = YES;
				ENABLE_TESTABILITY = YES;
				ENABLE_USER_SCRIPT_SANDBOXING = YES;
				GCC_C_LANGUAGE_STANDARD = gnu17;
				GCC_DYNAMIC_NO_PIC = NO;
				GCC_NO_COMMON_BLOCKS = YES;
				GCC_OPTIMIZATION_LEVEL = 0;
				GCC_PREPROCESSOR_DEFINITIONS = (
					"DEBUG=1",
					"$(inherited)",
				);
				GCC_WARN_64_TO_32_BIT_CONVERSION = YES;
				GCC_WARN_ABOUT_RETURN_TYPE = YES_ERROR;
				GCC_WARN_UNDECLARED_SELECTOR = YES;
				GCC_WARN_UNINITIALIZED_AUTOS = YES_AGGRESSIVE;
				GCC_WARN_UNUSED_FUNCTION = YES;
				GCC_WARN_UNUSED_VARIABLE = YES;
				LOCALIZATION_PREFERS_STRING_CATALOGS = YES;
				MTL_ENABLE_DEBUG_INFO = INCLUDE_SOURCE;
				MTL_FAST_MATH = YES;
				ONLY_ACTIVE_ARCH = YES;
				SWIFT_ACTIVE_COMPILATION_CONDITIONS = "DEBUG $(inherited)";
				SWIFT_OPTIMIZATION_LEVEL = "-Onone";
			};
			name = Debug;
		};
		FAEB835E303612C600AB631A /* Release */ = {
			isa = XCBuildConfiguration;
			buildSettings = {
				ALWAYS_SEARCH_USER_PATHS = NO;
				ASSETCATALOG_COMPILER_GENERATE_SWIFT_ASSET_SYMBOL_EXTENSIONS = YES;
				CLANG_ANALYZER_NONNULL = YES;
				CLANG_ANALYZER_NUMBER_OBJECT_CONVERSION = YES_AGGRESSIVE;
				CLANG_CXX_LANGUAGE_STANDARD = "gnu++20";
				CLANG_ENABLE_MODULES = YES;
				CLANG_ENABLE_OBJC_ARC = YES;
				CLANG_ENABLE_OBJC_WEAK = YES;
				CLANG_WARN_BLOCK_CAPTURE_AUTORELEASING = YES;
				CLANG_WARN_BOOL_CONVERSION = YES;
				CLANG_WARN_COMMA = YES;
				CLANG_WARN_CONSTANT_CONVERSION = YES;
				CLANG_WARN_DEPRECATED_OBJC_IMPLEMENTATIONS = YES;
				CLANG_WARN_DIRECT_OBJC_ISA_USAGE = YES_ERROR;
				CLANG_WARN_DOCUMENTATION_COMMENTS = YES;
				CLANG_WARN_EMPTY_BODY = YES;
				CLANG_WARN_ENUM_CONVERSION = YES;
				CLANG_WARN_INFINITE_RECURSION = YES;
				CLANG_WARN_INT_CONVERSION = YES;
				CLANG_WARN_NON_LITERAL_NULL_CONVERSION = YES;
				CLANG_WARN_OBJC_IMPLICIT_RETAIN_SELF = YES;
				CLANG_WARN_OBJC_LITERAL_CONVERSION = YES;
				CLANG_WARN_OBJC_ROOT_CLASS = YES_ERROR;
				CLANG_WARN_QUOTED_INCLUDE_IN_FRAMEWORK_HEADER = YES;
				CLANG_WARN_RANGE_LOOP_ANALYSIS = YES;
				CLANG_WARN_STRICT_PROTOTYPES = YES;
				CLANG_WARN_SUSPICIOUS_MOVE = YES;
				CLANG_WARN_UNGUARDED_AVAILABILITY = YES_AGGRESSIVE;
				CLANG_WARN_UNREACHABLE_CODE = YES;
				CLANG_WARN__DUPLICATE_METHOD_MATCH = YES;
				COPY_PHASE_STRIP = NO;
				DEBUG_INFORMATION_FORMAT = "dwarf-with-dsym";
				ENABLE_NS_ASSERTIONS = NO;
				ENABLE_STRICT_OBJC_MSGSEND = YES;
				ENABLE_USER_SCRIPT_SANDBOXING = YES;
				GCC_C_LANGUAGE_STANDARD = gnu17;
				GCC_NO_COMMON_BLOCKS = YES;
				GCC_WARN_64_TO_32_BIT_CONVERSION = YES;
				GCC_WARN_ABOUT_RETURN_TYPE = YES_ERROR;
				GCC_WARN_UNDECLARED_SELECTOR = YES;
				GCC_WARN_UNINITIALIZED_AUTOS = YES_AGGRESSIVE;
				GCC_WARN_UNUSED_FUNCTION = YES;
				GCC_WARN_UNUSED_VARIABLE = YES;
				LOCALIZATION_PREFERS_STRING_CATALOGS = YES;
				MTL_ENABLE_DEBUG_INFO = NO;
				MTL_FAST_MATH = YES;
				SWIFT_COMPILATION_MODE = wholemodule;
			};
			name = Release;
		};
		FAEB8360303612C600AB631A /* Debug */ = {
			isa = XCBuildConfiguration;
			buildSettings = {
				CODE_SIGN_STYLE = Automatic;
				CURRENT_PROJECT_VERSION = 1;
				DEVELOPMENT_TEAM = 5KARCDA53C;
				GENERATE_INFOPLIST_FILE = YES;
				INFOPLIST_FILE = "iOS (Extension)/Info.plist";
				INFOPLIST_KEY_CFBundleDisplayName = "Incognito Vault Extension";
				INFOPLIST_KEY_NSHumanReadableCopyright = "";
				IPHONEOS_DEPLOYMENT_TARGET = 15.0;
				LD_RUNPATH_SEARCH_PATHS = (
					"$(inherited)",
					"@executable_path/Frameworks",
					"@executable_path/../../Frameworks",
				);
				MARKETING_VERSION = 1.0;
				OTHER_LDFLAGS = (
					"-framework",
					SafariServices,
				);
				PRODUCT_BUNDLE_IDENTIFIER = "com.lkrjangid.incognito-vault.safari.Extension";
				PRODUCT_NAME = "Incognito Vault Extension";
				SDKROOT = iphoneos;
				SKIP_INSTALL = YES;
				STRING_CATALOG_GENERATE_SYMBOLS = YES;
				SWIFT_APPROACHABLE_CONCURRENCY = YES;
				SWIFT_EMIT_LOC_STRINGS = YES;
				SWIFT_UPCOMING_FEATURE_MEMBER_IMPORT_VISIBILITY = YES;
				SWIFT_VERSION = 5.0;
				TARGETED_DEVICE_FAMILY = "1,2";
			};
			name = Debug;
		};
		FAEB8361303612C600AB631A /* Release */ = {
			isa = XCBuildConfiguration;
			buildSettings = {
				CODE_SIGN_STYLE = Automatic;
				CURRENT_PROJECT_VERSION = 1;
				DEVELOPMENT_TEAM = 5KARCDA53C;
				GENERATE_INFOPLIST_FILE = YES;
				INFOPLIST_FILE = "iOS (Extension)/Info.plist";
				INFOPLIST_KEY_CFBundleDisplayName = "Incognito Vault Extension";
				INFOPLIST_KEY_NSHumanReadableCopyright = "";
				IPHONEOS_DEPLOYMENT_TARGET = 15.0;
				LD_RUNPATH_SEARCH_PATHS = (
					"$(inherited)",
					"@executable_path/Frameworks",
					"@executable_path/../../Frameworks",
				);
				MARKETING_VERSION = 1.0;
				OTHER_LDFLAGS = (
					"-framework",
					SafariServices,
				);
				PRODUCT_BUNDLE_IDENTIFIER = "com.lkrjangid.incognito-vault.safari.Extension";
				PRODUCT_NAME = "Incognito Vault Extension";
				SDKROOT = iphoneos;
				SKIP_INSTALL = YES;
				STRING_CATALOG_GENERATE_SYMBOLS = YES;
				SWIFT_APPROACHABLE_CONCURRENCY = YES;
				SWIFT_EMIT_LOC_STRINGS = YES;
				SWIFT_UPCOMING_FEATURE_MEMBER_IMPORT_VISIBILITY = YES;
				SWIFT_VERSION = 5.0;
				TARGETED_DEVICE_FAMILY = "1,2";
				VALIDATE_PRODUCT = YES;
			};
			name = Release;
		};
		FAEB8364303612C600AB631A /* Debug */ = {
			isa = XCBuildConfiguration;
			buildSettings = {
				ASSETCATALOG_COMPILER_APPICON_NAME = AppIcon;
				ASSETCATALOG_COMPILER_GLOBAL_ACCENT_COLOR_NAME = AccentColor;
				CODE_SIGN_STYLE = Automatic;
				CURRENT_PROJECT_VERSION = 1;
				DEVELOPMENT_TEAM = 5KARCDA53C;
				GENERATE_INFOPLIST_FILE = YES;
				INFOPLIST_FILE = "iOS (App)/Info.plist";
				INFOPLIST_KEY_CFBundleDisplayName = "Incognito Vault";
				INFOPLIST_KEY_UIApplicationSupportsIndirectInputEvents = YES;
				INFOPLIST_KEY_UILaunchStoryboardName = LaunchScreen;
				INFOPLIST_KEY_UIMainStoryboardFile = Main;
				INFOPLIST_KEY_UISupportedInterfaceOrientations = "UIInterfaceOrientationPortrait UIInterfaceOrientationLandscapeLeft UIInterfaceOrientationLandscapeRight";
				INFOPLIST_KEY_UISupportedInterfaceOrientations_iPad = "UIInterfaceOrientationPortrait UIInterfaceOrientationPortraitUpsideDown UIInterfaceOrientationLandscapeLeft UIInterfaceOrientationLandscapeRight";
				IPHONEOS_DEPLOYMENT_TARGET = 15.0;
				LD_RUNPATH_SEARCH_PATHS = (
					"$(inherited)",
					"@executable_path/Frameworks",
				);
				MARKETING_VERSION = 1.0;
				OTHER_LDFLAGS = (
					"-framework",
					SafariServices,
					"-framework",
					WebKit,
				);
				PRODUCT_BUNDLE_IDENTIFIER = "com.lkrjangid.incognito-vault.safari";
				PRODUCT_NAME = "Incognito Vault";
				SDKROOT = iphoneos;
				STRING_CATALOG_GENERATE_SYMBOLS = YES;
				SWIFT_APPROACHABLE_CONCURRENCY = YES;
				SWIFT_DEFAULT_ACTOR_ISOLATION = MainActor;
				SWIFT_EMIT_LOC_STRINGS = YES;
				SWIFT_UPCOMING_FEATURE_MEMBER_IMPORT_VISIBILITY = YES;
				SWIFT_VERSION = 5.0;
				TARGETED_DEVICE_FAMILY = "1,2";
			};
			name = Debug;
		};
		FAEB8365303612C600AB631A /* Release */ = {
			isa = XCBuildConfiguration;
			buildSettings = {
				ASSETCATALOG_COMPILER_APPICON_NAME = AppIcon;
				ASSETCATALOG_COMPILER_GLOBAL_ACCENT_COLOR_NAME = AccentColor;
				CODE_SIGN_STYLE = Automatic;
				CURRENT_PROJECT_VERSION = 1;
				DEVELOPMENT_TEAM = 5KARCDA53C;
				GENERATE_INFOPLIST_FILE = YES;
				INFOPLIST_FILE = "iOS (App)/Info.plist";
				INFOPLIST_KEY_CFBundleDisplayName = "Incognito Vault";
				INFOPLIST_KEY_UIApplicationSupportsIndirectInputEvents = YES;
				INFOPLIST_KEY_UILaunchStoryboardName = LaunchScreen;
				INFOPLIST_KEY_UIMainStoryboardFile = Main;
				INFOPLIST_KEY_UISupportedInterfaceOrientations = "UIInterfaceOrientationPortrait UIInterfaceOrientationLandscapeLeft UIInterfaceOrientationLandscapeRight";
				INFOPLIST_KEY_UISupportedInterfaceOrientations_iPad = "UIInterfaceOrientationPortrait UIInterfaceOrientationPortraitUpsideDown UIInterfaceOrientationLandscapeLeft UIInterfaceOrientationLandscapeRight";
				IPHONEOS_DEPLOYMENT_TARGET = 15.0;
				LD_RUNPATH_SEARCH_PATHS = (
					"$(inherited)",
					"@executable_path/Frameworks",
				);
				MARKETING_VERSION = 1.0;
				OTHER_LDFLAGS = (
					"-framework",
					SafariServices,
					"-framework",
					WebKit,
				);
				PRODUCT_BUNDLE_IDENTIFIER = "com.lkrjangid.incognito-vault.safari";
				PRODUCT_NAME = "Incognito Vault";
				SDKROOT = iphoneos;
				STRING_CATALOG_GENERATE_SYMBOLS = YES;
				SWIFT_APPROACHABLE_CONCURRENCY = YES;
				SWIFT_DEFAULT_ACTOR_ISOLATION = MainActor;
				SWIFT_EMIT_LOC_STRINGS = YES;
				SWIFT_UPCOMING_FEATURE_MEMBER_IMPORT_VISIBILITY = YES;
				SWIFT_VERSION = 5.0;
				TARGETED_DEVICE_FAMILY = "1,2";
				VALIDATE_PRODUCT = YES;
			};
			name = Release;
		};
		FAEB8367303612C600AB631A /* Debug */ = {
			isa = XCBuildConfiguration;
			buildSettings = {
				CODE_SIGN_STYLE = Automatic;
				CURRENT_PROJECT_VERSION = 1;
				DEVELOPMENT_TEAM = 5KARCDA53C;
				ENABLE_APP_SANDBOX = YES;
				ENABLE_HARDENED_RUNTIME = YES;
				ENABLE_USER_SELECTED_FILES = readonly;
				GENERATE_INFOPLIST_FILE = YES;
				INFOPLIST_FILE = "macOS (Extension)/Info.plist";
				INFOPLIST_KEY_CFBundleDisplayName = "Incognito Vault Extension";
				INFOPLIST_KEY_NSHumanReadableCopyright = "";
				LD_RUNPATH_SEARCH_PATHS = (
					"$(inherited)",
					"@executable_path/../Frameworks",
					"@executable_path/../../../../Frameworks",
				);
				MACOSX_DEPLOYMENT_TARGET = 10.14;
				MARKETING_VERSION = 1.0;
				OTHER_LDFLAGS = (
					"-framework",
					SafariServices,
				);
				PRODUCT_BUNDLE_IDENTIFIER = "com.lkrjangid.incognito-vault.safari.Extension";
				PRODUCT_NAME = "Incognito Vault Extension";
				SDKROOT = macosx;
				SKIP_INSTALL = YES;
				STRING_CATALOG_GENERATE_SYMBOLS = YES;
				SWIFT_APPROACHABLE_CONCURRENCY = YES;
				SWIFT_EMIT_LOC_STRINGS = YES;
				SWIFT_UPCOMING_FEATURE_MEMBER_IMPORT_VISIBILITY = YES;
				SWIFT_VERSION = 5.0;
			};
			name = Debug;
		};
		FAEB8368303612C600AB631A /* Release */ = {
			isa = XCBuildConfiguration;
			buildSettings = {
				CODE_SIGN_STYLE = Automatic;
				CURRENT_PROJECT_VERSION = 1;
				DEVELOPMENT_TEAM = 5KARCDA53C;
				ENABLE_APP_SANDBOX = YES;
				ENABLE_HARDENED_RUNTIME = YES;
				ENABLE_USER_SELECTED_FILES = readonly;
				GENERATE_INFOPLIST_FILE = YES;
				INFOPLIST_FILE = "macOS (Extension)/Info.plist";
				INFOPLIST_KEY_CFBundleDisplayName = "Incognito Vault Extension";
				INFOPLIST_KEY_NSHumanReadableCopyright = "";
				LD_RUNPATH_SEARCH_PATHS = (
					"$(inherited)",
					"@executable_path/../Frameworks",
					"@executable_path/../../../../Frameworks",
				);
				MACOSX_DEPLOYMENT_TARGET = 10.14;
				MARKETING_VERSION = 1.0;
				OTHER_LDFLAGS = (
					"-framework",
					SafariServices,
				);
				PRODUCT_BUNDLE_IDENTIFIER = "com.lkrjangid.incognito-vault.safari.Extension";
				PRODUCT_NAME = "Incognito Vault Extension";
				SDKROOT = macosx;
				SKIP_INSTALL = YES;
				STRING_CATALOG_GENERATE_SYMBOLS = YES;
				SWIFT_APPROACHABLE_CONCURRENCY = YES;
				SWIFT_EMIT_LOC_STRINGS = YES;
				SWIFT_UPCOMING_FEATURE_MEMBER_IMPORT_VISIBILITY = YES;
				SWIFT_VERSION = 5.0;
			};
			name = Release;
		};
		FAEB836B303612C600AB631A /* Debug */ = {
			isa = XCBuildConfiguration;
			buildSettings = {
				ASSETCATALOG_COMPILER_APPICON_NAME = AppIcon;
				ASSETCATALOG_COMPILER_GLOBAL_ACCENT_COLOR_NAME = AccentColor;
				CODE_SIGN_STYLE = Automatic;
				CURRENT_PROJECT_VERSION = 1;
				DEVELOPMENT_TEAM = 5KARCDA53C;
				ENABLE_APP_SANDBOX = YES;
				ENABLE_HARDENED_RUNTIME = YES;
				ENABLE_OUTGOING_NETWORK_CONNECTIONS = YES;
				ENABLE_USER_SELECTED_FILES = readonly;
				GENERATE_INFOPLIST_FILE = YES;
				INFOPLIST_FILE = "macOS (App)/Info.plist";
				INFOPLIST_KEY_CFBundleDisplayName = "Incognito Vault";
				INFOPLIST_KEY_LSApplicationCategoryType = "public.app-category.productivity";
				INFOPLIST_KEY_NSMainStoryboardFile = Main;
				INFOPLIST_KEY_NSPrincipalClass = NSApplication;
				LD_RUNPATH_SEARCH_PATHS = (
					"$(inherited)",
					"@executable_path/../Frameworks",
				);
				MACOSX_DEPLOYMENT_TARGET = 10.14;
				MARKETING_VERSION = 1.0;
				OTHER_LDFLAGS = (
					"-framework",
					SafariServices,
					"-framework",
					WebKit,
				);
				PRODUCT_BUNDLE_IDENTIFIER = "com.lkrjangid.incognito-vault.safari";
				PRODUCT_NAME = "Incognito Vault";
				REGISTER_APP_GROUPS = YES;
				SDKROOT = macosx;
				STRING_CATALOG_GENERATE_SYMBOLS = YES;
				SWIFT_APPROACHABLE_CONCURRENCY = YES;
				SWIFT_DEFAULT_ACTOR_ISOLATION = MainActor;
				SWIFT_EMIT_LOC_STRINGS = YES;
				SWIFT_UPCOMING_FEATURE_MEMBER_IMPORT_VISIBILITY = YES;
				SWIFT_VERSION = 5.0;
			};
			name = Debug;
		};
		FAEB836C303612C600AB631A /* Release */ = {
			isa = XCBuildConfiguration;
			buildSettings = {
				ASSETCATALOG_COMPILER_APPICON_NAME = AppIcon;
				ASSETCATALOG_COMPILER_GLOBAL_ACCENT_COLOR_NAME = AccentColor;
				CODE_SIGN_STYLE = Automatic;
				CURRENT_PROJECT_VERSION = 1;
				DEVELOPMENT_TEAM = 5KARCDA53C;
				ENABLE_APP_SANDBOX = YES;
				ENABLE_HARDENED_RUNTIME = YES;
				ENABLE_OUTGOING_NETWORK_CONNECTIONS = YES;
				ENABLE_USER_SELECTED_FILES = readonly;
				GENERATE_INFOPLIST_FILE = YES;
				INFOPLIST_FILE = "macOS (App)/Info.plist";
				INFOPLIST_KEY_CFBundleDisplayName = "Incognito Vault";
				INFOPLIST_KEY_LSApplicationCategoryType = "public.app-category.productivity";
				INFOPLIST_KEY_NSMainStoryboardFile = Main;
				INFOPLIST_KEY_NSPrincipalClass = NSApplication;
				LD_RUNPATH_SEARCH_PATHS = (
					"$(inherited)",
					"@executable_path/../Frameworks",
				);
				MACOSX_DEPLOYMENT_TARGET = 10.14;
				MARKETING_VERSION = 1.0;
				OTHER_LDFLAGS = (
					"-framework",
					SafariServices,
					"-framework",
					WebKit,
				);
				PRODUCT_BUNDLE_IDENTIFIER = "com.lkrjangid.incognito-vault.safari";
				PRODUCT_NAME = "Incognito Vault";
				REGISTER_APP_GROUPS = YES;
				SDKROOT = macosx;
				STRING_CATALOG_GENERATE_SYMBOLS = YES;
				SWIFT_APPROACHABLE_CONCURRENCY = YES;
				SWIFT_DEFAULT_ACTOR_ISOLATION = MainActor;
				SWIFT_EMIT_LOC_STRINGS = YES;
				SWIFT_UPCOMING_FEATURE_MEMBER_IMPORT_VISIBILITY = YES;
				SWIFT_VERSION = 5.0;
			};
			name = Release;
		};
/* End XCBuildConfiguration section */

/* Begin XCConfigurationList section */
		FAEB8311303612C500AB631A /* Build configuration list for PBXProject "Incognito Vault" */ = {
			isa = XCConfigurationList;
			buildConfigurations = (
				FAEB835D303612C600AB631A /* Debug */,
				FAEB835E303612C600AB631A /* Release */,
			);
			defaultConfigurationIsVisible = 0;
			defaultConfigurationName = Release;
		};
		FAEB835F303612C600AB631A /* Build configuration list for PBXNativeTarget "Incognito Vault Extension (iOS)" */ = {
			isa = XCConfigurationList;
			buildConfigurations = (
				FAEB8360303612C600AB631A /* Debug */,
				FAEB8361303612C600AB631A /* Release */,
			);
			defaultConfigurationIsVisible = 0;
			defaultConfigurationName = Release;
		};
		FAEB8363303612C600AB631A /* Build configuration list for PBXNativeTarget "Incognito Vault (iOS)" */ = {
			isa = XCConfigurationList;
			buildConfigurations = (
				FAEB8364303612C600AB631A /* Debug */,
				FAEB8365303612C600AB631A /* Release */,
			);
			defaultConfigurationIsVisible = 0;
			defaultConfigurationName = Release;
		};
		FAEB8366303612C600AB631A /* Build configuration list for PBXNativeTarget "Incognito Vault Extension (macOS)" */ = {
			isa = XCConfigurationList;
			buildConfigurations = (
				FAEB8367303612C600AB631A /* Debug */,
				FAEB8368303612C600AB631A /* Release */,
			);
			defaultConfigurationIsVisible = 0;
			defaultConfigurationName = Release;
		};
		FAEB836A303612C600AB631A /* Build configuration list for PBXNativeTarget "Incognito Vault (macOS)" */ = {
			isa = XCConfigurationList;
			buildConfigurations = (
				FAEB836B303612C600AB631A /* Debug */,
				FAEB836C303612C600AB631A /* Release */,
			);
			defaultConfigurationIsVisible = 0;
			defaultConfigurationName = Release;
		};
/* End XCConfigurationList section */
	};
	rootObject = FAEB830E303612C500AB631A /* Project object */;
}
